// !$*UTF8*$!
{
	archiveVersion = 1;
	classes = {
	};
	objectVersion = 46;
	objects = {

/* Begin PBXBuildFile section */
		9F138BB71DAD12CF009C0207 /* WebViewController.swift in Sources */ = {isa = PBXBuildFile; fileRef = 9F138BB61DAD12CF009C0207 /* WebViewController.swift */; };
		9F7935BB1DA5454400B8C38B /* ConversionViewController.swift in Sources */ = {isa = PBXBuildFile; fileRef = 9F7935BA1DA5454400B8C38B /* ConversionViewController.swift */; };
		9F7935D11DA909FD00B8C38B /* MapKit.framework in Frameworks */ = {isa = PBXBuildFile; fileRef = 9F7935D01DA909FD00B8C38B /* MapKit.framework */; };
		9F7935D31DA9424B00B8C38B /* MapViewController.swift in Sources */ = {isa = PBXBuildFile; fileRef = 9F7935D21DA9424B00B8C38B /* MapViewController.swift */; };
		9FEFABC91D9BFA0F006F248D /* AppDelegate.swift in Sources */ = {isa = PBXBuildFile; fileRef = 9FEFABC81D9BFA0F006F248D /* AppDelegate.swift */; };
		9FEFABCE1D9BFA0F006F248D /* Main.storyboard in Resources */ = {isa = PBXBuildFile; fileRef = 9FEFABCC1D9BFA0F006F248D /* Main.storyboard */; };
		9FEFABD01D9BFA0F006F248D /* Assets.xcassets in Resources */ = {isa = PBXBuildFile; fileRef = 9FEFABCF1D9BFA0F006F248D /* Assets.xcassets */; };
		9FEFABD31D9BFA0F006F248D /* LaunchScreen.storyboard in Resources */ = {isa = PBXBuildFile; fileRef = 9FEFABD11D9BFA0F006F248D /* LaunchScreen.storyboard */; };
/* End PBXBuildFile section */

/* Begin PBXFileReference section */
		9F138BB61DAD12CF009C0207 /* WebViewController.swift */ = {isa = PBXFileReference; fileEncoding = 4; lastKnownFileType = sourcecode.swift; path = WebViewController.swift; sourceTree = "<group>"; };
		9F7935BA1DA5454400B8C38B /* ConversionViewController.swift */ = {isa = PBXFileReference; fileEncoding = 4; lastKnownFileType = sourcecode.swift; name = ConversionViewController.swift; path = WoldTrotter/ConversionViewController.swift; sourceTree = "<group>"; };
		9F7935D01DA909FD00B8C38B /* MapKit.framework */ = {isa = PBXFileReference; lastKnownFileType = wrapper.framework; name = MapKit.framework; path = System/Library/Frameworks/MapKit.framework; sourceTree = SDKROOT; };
		9F7935D21DA9424B00B8C38B /* MapViewController.swift */ = {isa = PBXFileReference; fileEncoding = 4; lastKnownFileType = sourcecode.swift; path = MapViewController.swift; sourceTree = "<group>"; };
		9FEFABC51D9BFA0F006F248D /* WoldTrotter.app */ = {isa = PBXFileReference; explicitFileType = wrapper.application; includeInIndex = 0; path = WoldTrotter.app; sourceTree = BUILT_PRODUCTS_DIR; };
		9FEFABC81D9BFA0F006F248D /* AppDelegate.swift */ = {isa = PBXFileReference; lastKnownFileType = sourcecode.swift; path = AppDelegate.swift; sourceTree = "<group>"; };
		9FEFABCD1D9BFA0F006F248D /* Base */ = {isa = PBXFileReference; lastKnownFileType = file.storyboard; name = Base; path = Base.lproj/Main.storyboard; sourceTree = "<group>"; };
		9FEFABCF1D9BFA0F006F248D /* Assets.xcassets */ = {isa = PBXFileReference; lastKnownFileType = folder.assetcatalog; path = Assets.xcassets; sourceTree = "<group>"; };
		9FEFABD21D9BFA0F006F248D /* Base */ = {isa = PBXFileReference; lastKnownFileType = file.storyboard; name = Base; path = Base.lproj/LaunchScreen.storyboard; sourceTree = "<group>"; };
		9FEFABD41D9BFA0F006F248D /* Info.plist */ = {isa = PBXFileReference; lastKnownFileType = text.plist.xml; path = Info.plist; sourceTree = "<group>"; };
/* End PBXFileReference section */

/* Begin PBXFrameworksBuildPhase section */
		9FEFABC21D9BFA0F006F248D /* Frameworks */ = {
			isa = PBXFrameworksBuildPhase;
			buildActionMask = 2147483647;
			files = (
				9F7935D11DA909FD00B8C38B /* MapKit.framework in Frameworks */,
			);
			runOnlyForDeploymentPostprocessing = 0;
		};
/* End PBXFrameworksBuildPhase section */

/* Begin PBXGroup section */
		9F7935CF1DA909FD00B8C38B /* Frameworks */ = {
			isa = PBXGroup;
			children = (
				9F7935D01DA909FD00B8C38B /* MapKit.framework */,
			);
			name = Frameworks;
			sourceTree = "<group>";
		};
		9FEFABBC1D9BFA0F006F248D = {
			isa = PBXGroup;
			children = (
				9F7935BA1DA5454400B8C38B /* ConversionViewController.swift */,
				9F7935D21DA9424B00B8C38B /* MapViewController.swift */,
				9F138BB61DAD12CF009C0207 /* WebViewController.swift */,
				9FEFABC71D9BFA0F006F248D /* WoldTrotter */,
				9FEFABC61D9BFA0F006F248D /* Products */,
				9F7935CF1DA909FD00B8C38B /* Frameworks */,
			);
			sourceTree = "<group>";
		};
		9FEFABC61D9BFA0F006F248D /* Products */ = {
			isa = PBXGroup;
			children = (
				9FEFABC51D9BFA0F006F248D /* WoldTrotter.app */,
			);
			name = Products;
			sourceTree = "<group>";
		};
		9FEFABC71D9BFA0F006F248D /* WoldTrotter */ = {
			isa = PBXGroup;
			children = (
				9FEFABC81D9BFA0F006F248D /* AppDelegate.swift */,
				9FEFABCC1D9BFA0F006F248D /* Main.storyboard */,
				9FEFABCF1D9BFA0F006F248D /* Assets.xcassets */,
				9FEFABD11D9BFA0F006F248D /* LaunchScreen.storyboard */,
				9FEFABD41D9BFA0F006F248D /* Info.plist */,
			);
			path = WoldTrotter;
			sourceTree = "<group>";
		};
/* End PBXGroup section */

/* Begin PBXNativeTarget section */
		9FEFABC41D9BFA0F006F248D /* WoldTrotter */ = {
			isa = PBXNativeTarget;
			buildConfigurationList = 9FEFABD71D9BFA0F006F248D /* Build configuration list for PBXNativeTarget "WoldTrotter" */;
			buildPhases = (
				9FEFABC11D9BFA0F006F248D /* Sources */,
				9FEFABC21D9BFA0F006F248D /* Frameworks */,
				9FEFABC31D9BFA0F006F248D /* Resources */,
			);
			buildRules = (
			);
			dependencies = (
			);
			name = WoldTrotter;
			productName = WoldTrotter;
			productReference = 9FEFABC51D9BFA0F006F248D /* WoldTrotter.app */;
			productType = "com.apple.product-type.application";
		};
/* End PBXNativeTarget section */

/* Begin PBXProject section */
		9FEFABBD1D9BFA0F006F248D /* Project object */ = {
			isa = PBXProject;
			attributes = {
				LastSwiftUpdateCheck = 0800;
				LastUpgradeCheck = 0800;
				ORGANIZATIONNAME = Klechkowski;
				TargetAttributes = {
					9FEFABC41D9BFA0F006F248D = {
						CreatedOnToolsVersion = 8.0;
						ProvisioningStyle = Automatic;
					};
				};
			};
			buildConfigurationList = 9FEFABC01D9BFA0F006F248D /* Build configuration list for PBXProject "WoldTrotter" */;
			compatibilityVersion = "Xcode 3.2";
			developmentRegion = English;
			hasScannedForEncodings = 0;
			knownRegions = (
				en,
				Base,
			);
			mainGroup = 9FEFABBC1D9BFA0F006F248D;
			productRefGroup = 9FEFABC61D9BFA0F006F248D /* Products */;
			projectDirPath = "";
			projectRoot = "";
			targets = (
				9FEFABC41D9BFA0F006F248D /* WoldTrotter */,
			);
		};
/* End PBXProject section */

/* Begin PBXResourcesBuildPhase section */
		9FEFABC31D9BFA0F006F248D /* Resources */ = {
			isa = PBXResourcesBuildPhase;
			buildActionMask = 2147483647;
			files = (
				9FEFABD31D9BFA0F006F248D /* LaunchScreen.storyboard in Resources */,
				9FEFABD01D9BFA0F006F248D /* Assets.xcassets in Resources */,
				9FEFABCE1D9BFA0F006F248D /* Main.storyboard in Resources */,
			);
			runOnlyForDeploymentPostprocessing = 0;
		};
/* End PBXResourcesBuildPhase section */

/* Begin PBXSourcesBuildPhase section */
		9FEFABC11D9BFA0F006F248D /* Sources */ = {
			isa = PBXSourcesBuildPhase;
			buildActionMask = 2147483647;
			files = (
				9F7935BB1DA5454400B8C38B /* ConversionViewController.swift in Sources */,
				9F7935D31DA9424B00B8C38B /* MapViewController.swift in Sources */,
				9FEFABC91D9BFA0F006F248D /* AppDelegate.swift in Sources */,
				9F138BB71DAD12CF009C0207 /* WebViewController.swift in Sources */,
			);
			runOnlyForDeploymentPostprocessing = 0;
		};
/* End PBXSourcesBuildPhase section */

/* Begin PBXVariantGroup section */
		9FEFABCC1D9BFA0F006F248D /* Main.storyboard */ = {
			isa = PBXVariantGroup;
			children = (
				9FEFABCD1D9BFA0F006F248D /* Base */,
			);
			name = Main.storyboard;
			sourceTree = "<group>";
		};
		9FEFABD11D9BFA0F006F248D /* LaunchScreen.storyboard */ = {
			isa = PBXVariantGroup;
			children = (
				9FEFABD21D9BFA0F006F248D /* Base */,
			);
			name = LaunchScreen.storyboard;
			sourceTree = "<group>";
		};
/* End PBXVariantGroup section */

/* Begin XCBuildConfiguration section */
		9FEFABD51D9BFA0F006F248D /* Debug */ = {
			isa = XCBuildConfiguration;
			buildSettings = {
				ALWAYS_SEARCH_USER_PATHS = NO;
				CLANG_ANALYZER_NONNULL = YES;
				CLANG_CXX_LANGUAGE_STANDARD = "gnu++0x";
				CLANG_CXX_LIBRARY = "libc++";
				CLANG_ENABLE_MODULES = YES;
				CLANG_ENABLE_OBJC_ARC = YES;
				CLANG_WARN_BOOL_CONVERSION = YES;
				CLANG_WARN_CONSTANT_CONVERSION = YES;
				CLANG_WARN_DIRECT_OBJC_ISA_USAGE = YES_ERROR;
				CLANG_WARN_DOCUMENTATION_COMMENTS = YES;
				CLANG_WARN_EMPTY_BODY = YES;
				CLANG_WARN_ENUM_CONVERSION = YES;
				CLANG_WARN_INFINITE_RECURSION = YES;
				CLANG_WARN_INT_CONVERSION = YES;
				CLANG_WARN_OBJC_ROOT_CLASS = YES_ERROR;
				CLANG_WARN_SUSPICIOUS_MOVES = YES;
				CLANG_WARN_UNREACHABLE_CODE = YES;
				CLANG_WARN__DUPLICATE_METHOD_MATCH = YES;
				"CODE_SIGN_IDENTITY[sdk=iphoneos*]" = "iPhone Developer";
				COPY_PHASE_STRIP = NO;
				DEBUG_INFORMATION_FORMAT = dwarf;
				ENABLE_STRICT_OBJC_MSGSEND = YES;
				ENABLE_TESTABILITY = YES;
				GCC_C_LANGUAGE_STANDARD = gnu99;
				GCC_DYNAMIC_NO_PIC = NO;
				GCC_NO_COMMON_BLOCKS = YES;
				GCC_OPTIMIZATION_LEVEL = 0;
				GCC_PREPROCESSOR_DEFINITIONS = (
					"DEBUG=1",
					"$(inherited)",
				);
				GCC_WARN_64_TO_32_BIT_CONVERSION = YES;
				GCC_WARN_ABOUT_RETURN_TYPE = YES_ERROR;
				GCC_WARN_UNDECLARED_SELECTOR = YES;
				GCC_WARN_UNINITIALIZED_AUTOS = YES_AGGRESSIVE;
				GCC_WARN_UNUSED_FUNCTION = YES;
				GCC_WARN_UNUSED_VARIABLE = YES;
				IPHONEOS_DEPLOYMENT_TARGET = 10.0;
				MTL_ENABLE_DEBUG_INFO = YES;
				ONLY_ACTIVE_ARCH = YES;
				SDKROOT = iphoneos;
				SWIFT_ACTIVE_COMPILATION_CONDITIONS = DEBUG;
				SWIFT_OPTIMIZATION_LEVEL = "-Onone";
			};
			name = Debug;
		};
		9FEFABD61D9BFA0F006F248D /* Release */ = {
			isa = XCBuildConfiguration;
			buildSettings = {
				ALWAYS_SEARCH_USER_PATHS = NO;
				CLANG_ANALYZER_NONNULL = YES;
				CLANG_CXX_LANGUAGE_STANDARD = "gnu++0x";
				CLANG_CXX_LIBRARY = "libc++";
				CLANG_ENABLE_MODULES = YES;
				CLANG_ENABLE_OBJC_ARC = YES;
				CLANG_WARN_BOOL_CONVERSION = YES;
				CLANG_WARN_CONSTANT_CONVERSION = YES;
				CLANG_WARN_DIRECT_OBJC_ISA_USAGE = YES_ERROR;
				CLANG_WARN_DOCUMENTATION_COMMENTS = YES;
				CLANG_WARN_EMPTY_BODY = YES;
				CLANG_WARN_ENUM_CONVERSION = YES;
				CLANG_WARN_INFINITE_RECURSION = YES;
				CLANG_WARN_INT_CONVERSION = YES;
				CLANG_WARN_OBJC_ROOT_CLASS = YES_ERROR;
				CLANG_WARN_SUSPICIOUS_MOVES = YES;
				CLANG_WARN_UNREACHABLE_CODE = YES;
				CLANG_WARN__DUPLICATE_METHOD_MATCH = YES;
				"CODE_SIGN_IDENTITY[sdk=iphoneos*]" = "iPhone Developer";
				COPY_PHASE_STRIP = NO;
				DEBUG_INFORMATION_FORMAT = "dwarf-with-dsym";
				ENABLE_NS_ASSERTIONS = NO;
				ENABLE_STRICT_OBJC_MSGSEND = YES;
				GCC_C_LANGUAGE_STANDARD = gnu99;
				GCC_NO_COMMON_BLOCKS = YES;
				GCC_WARN_64_TO_32_BIT_CONVERSION = YES;
				GCC_WARN_ABOUT_RETURN_TYPE = YES_ERROR;
				GCC_WARN_UNDECLARED_SELECTOR = YES;
				GCC_WARN_UNINITIALIZED_AUTOS = YES_AGGRESSIVE;
				GCC_WARN_UNUSED_FUNCTION = YES;
				GCC_WARN_UNUSED_VARIABLE = YES;
				IPHONEOS_DEPLOYMENT_TARGET = 10.0;
				MTL_ENABLE_DEBUG_INFO = NO;
				SDKROOT = iphoneos;
				SWIFT_OPTIMIZATION_LEVEL = "-Owholemodule";
				VALIDATE_PRODUCT = YES;
			};
			name = Release;
		};
		9FEFABD81D9BFA0F006F248D /* Debug */ = {
			isa = XCBuildConfiguration;
			buildSettings = {
				ASSETCATALOG_COMPILER_APPICON_NAME = AppIcon;
				INFOPLIST_FILE = WoldTrotter/Info.plist;
				LD_RUNPATH_SEARCH_PATHS = "$(inherited) @executable_path/Frameworks";
				PRODUCT_BUNDLE_IDENTIFIER = com.klechkowski.WoldTrotter;
				PRODUCT_NAME = "$(TARGET_NAME)";
				SWIFT_VERSION = 3.0;
				TARGETED_DEVICE_FAMILY = 1;
			};
			name = Debug;
		};
		9FEFABD91D9BFA0F006F248D /* Release */ = {
			isa = XCBuildConfiguration;
			buildSettings = {
				ASSETCATALOG_COMPILER_APPICON_NAME = AppIcon;
				INFOPLIST_FILE = WoldTrotter/Info.plist;
				LD_RUNPATH_SEARCH_PATHS = "$(inherited) @executable_path/Frameworks";
				PRODUCT_BUNDLE_IDENTIFIER = com.klechkowski.WoldTrotter;
				PRODUCT_NAME = "$(TARGET_NAME)";
				SWIFT_VERSION = 3.0;
				TARGETED_DEVICE_FAMILY = 1;
			};
			name = Release;
		};
/* End XCBuildConfiguration section */

/* Begin XCConfigurationList section */
		9FEFABC01D9BFA0F006F248D /* Build configuration list for PBXProject "WoldTrotter" */ = {
			isa = XCConfigurationList;
			buildConfigurations = (
				9FEFABD51D9BFA0F006F248D /* Debug */,
				9FEFABD61D9BFA0F006F248D /* Release */,
			);
			defaultConfigurationIsVisible = 0;
			defaultConfigurationName = Release;
		};
		9FEFABD71D9BFA0F006F248D /* Build configuration list for PBXNativeTarget "WoldTrotter" */ = {
			isa = XCConfigurationList;
			buildConfigurations = (
				9FEFABD81D9BFA0F006F248D /* Debug */,
				9FEFABD91D9BFA0F006F248D /* Release */,
			);
			defaultConfigurationIsVisible = 0;
			defaultConfigurationName = Release;
		};
/* End XCConfigurationList section */
	};
	rootObject = 9FEFABBD1D9BFA0F006F248D /* Project object */;
}
